
Microsoft Visual Studio Solution File, Format Version 12.00
# Visual Studio Version 17
VisualStudioVersion = 17.4.33110.190
MinimumVisualStudioVersion = 10.0.40219.1
Project("{FAE04EC0-301F-11D3-BF4B-00C04F79EFBC}") = "supermercadomenorpreco", "supermercadomenorpreco\supermercadomenorpreco.csproj", "{75D3E67F-39D0-467F-A957-725FFA6E16C3}"
EndProject
Global
	GlobalSection(SolutionConfigurationPlatforms) = preSolution
		Debug|Any CPU = Debug|Any CPU
		Release|Any CPU = Release|Any CPU
	EndGlobalSection
	GlobalSection(ProjectConfigurationPlatforms) = postSolution
		{75D3E67F-39D0-467F-A957-725FFA6E16C3}.Debug|Any CPU.ActiveCfg = Debug|Any CPU
		{75D3E67F-39D0-467F-A957-725FFA6E16C3}.Debug|Any CPU.Build.0 = Debug|Any CPU
		{75D3E67F-39D0-467F-A957-725FFA6E16C3}.Release|Any CPU.ActiveCfg = Release|Any CPU
		{75D3E67F-39D0-467F-A957-725FFA6E16C3}.Release|Any CPU.Build.0 = Release|Any CPU
	EndGlobalSection
	GlobalSection(SolutionProperties) = preSolution
		HideSolutionNode = FALSE
	EndGlobalSection
	GlobalSection(ExtensibilityGlobals) = postSolution
		SolutionGuid = {5B79B950-9662-45B1-8B42-A2F2F950A27C}
	EndGlobalSection
EndGlobal
